
Microsoft Visual Studio Solution File, Format Version 12.00
# Visual Studio Version 17
VisualStudioVersion = 17.7.34221.43
MinimumVisualStudioVersion = 10.0.40219.1
Project("{9A19103F-16F7-4668-BE54-9A1E7A4F7556}") = "ATD-API", "ATD-API.csproj", "{D4A7F6EF-F422-4B6B-B018-1F0C1802F9F4}"
EndProject
Global
	GlobalSection(SolutionConfigurationPlatforms) = preSolution
		Debug|Any CPU = Debug|Any CPU
		Release|Any CPU = Release|Any CPU
	EndGlobalSection
	GlobalSection(ProjectConfigurationPlatforms) = postSolution
		{D4A7F6EF-F422-4B6B-B018-1F0C1802F9F4}.Debug|Any CPU.ActiveCfg = Debug|Any CPU
		{D4A7F6EF-F422-4B6B-B018-1F0C1802F9F4}.Debug|Any CPU.Build.0 = Debug|Any CPU
		{D4A7F6EF-F422-4B6B-B018-1F0C1802F9F4}.Release|Any CPU.ActiveCfg = Release|Any CPU
		{D4A7F6EF-F422-4B6B-B018-1F0C1802F9F4}.Release|Any CPU.Build.0 = Release|Any CPU
	EndGlobalSection
	GlobalSection(SolutionProperties) = preSolution
		HideSolutionNode = FALSE
	EndGlobalSection
	GlobalSection(ExtensibilityGlobals) = postSolution
		SolutionGuid = {C7416971-E6CA-4ABC-8063-FE66AF4B35D4}
	EndGlobalSection
EndGlobal
